# THIS IS AN AUTOGENERATED FILE. DO NOT EDIT THIS FILE DIRECTLY.
# yarn lockfile v1


tailwindcss@^4.0.0:
  version "4.3.3"
  resolved "https://registry.yarnpkg.com/tailwindcss/-/tailwindcss-4.3.3.tgz#c006861611c213c1877893ab5b23daa16be2bb55"
  integrity sha512-gOhV3P7ufE62QDGg1zVaTgCR+EtPv92k2nIhVcVKcLmxT1sUBsQGhnZj175j+MqRt4zLF7ic+sCYjfhxMxj7YQ==
